// !$*UTF8*$!
{
	archiveVersion = 1;
	classes = {
	};
	objectVersion = 46;
	objects = {

/* Begin PBXBuildFile section */
		02209C19150D0C42006FEF69 /* MUGateway.m in Sources */ = {isa = PBXBuildFile; fileRef = 02209C18150D0C42006FEF69 /* MUGateway.m */; };
		02BC3F22150D0B2300BA87AD /* UIKit.framework in Frameworks */ = {isa = PBXBuildFile; fileRef = 02BC3F21150D0B2300BA87AD /* UIKit.framework */; };
		02BC3F24150D0B2300BA87AD /* Foundation.framework in Frameworks */ = {isa = PBXBuildFile; fileRef = 02BC3F23150D0B2300BA87AD /* Foundation.framework */; };
		02BC3F26150D0B2300BA87AD /* CoreGraphics.framework in Frameworks */ = {isa = PBXBuildFile; fileRef = 02BC3F25150D0B2300BA87AD /* CoreGraphics.framework */; };
		02BC3F2C150D0B2300BA87AD /* InfoPlist.strings in Resources */ = {isa = PBXBuildFile; fileRef = 02BC3F2A150D0B2300BA87AD /* InfoPlist.strings */; };
		02BC3F2E150D0B2300BA87AD /* main.m in Sources */ = {isa = PBXBuildFile; fileRef = 02BC3F2D150D0B2300BA87AD /* main.m */; };
		02BC3F32150D0B2300BA87AD /* MUAppDelegate.m in Sources */ = {isa = PBXBuildFile; fileRef = 02BC3F31150D0B2300BA87AD /* MUAppDelegate.m */; };
		02BC3F35150D0B2300BA87AD /* MUViewController.m in Sources */ = {isa = PBXBuildFile; fileRef = 02BC3F34150D0B2300BA87AD /* MUViewController.m */; };
		02BC3F38150D0B2300BA87AD /* MUViewController.xib in Resources */ = {isa = PBXBuildFile; fileRef = 02BC3F36150D0B2300BA87AD /* MUViewController.xib */; };
/* End PBXBuildFile section */

/* Begin PBXFileReference section */
		02209C17150D0C42006FEF69 /* MUGateway.h */ = {isa = PBXFileReference; fileEncoding = 4; lastKnownFileType = sourcecode.c.h; path = MUGateway.h; sourceTree = "<group>"; };
		02209C18150D0C42006FEF69 /* MUGateway.m */ = {isa = PBXFileReference; fileEncoding = 4; lastKnownFileType = sourcecode.c.objc; path = MUGateway.m; sourceTree = "<group>"; };
		02BC3F1D150D0B2300BA87AD /* MUGatewayTest.app */ = {isa = PBXFileReference; explicitFileType = wrapper.application; includeInIndex = 0; path = MUGatewayTest.app; sourceTree = BUILT_PRODUCTS_DIR; };
		02BC3F21150D0B2300BA87AD /* UIKit.framework */ = {isa = PBXFileReference; lastKnownFileType = wrapper.framework; name = UIKit.framework; path = System/Library/Frameworks/UIKit.framework; sourceTree = SDKROOT; };
		02BC3F23150D0B2300BA87AD /* Foundation.framework */ = {isa = PBXFileReference; lastKnownFileType = wrapper.framework; name = Foundation.framework; path = System/Library/Frameworks/Foundation.framework; sourceTree = SDKROOT; };
		02BC3F25150D0B2300BA87AD /* CoreGraphics.framework */ = {isa = PBXFileReference; lastKnownFileType = wrapper.framework; name = CoreGraphics.framework; path = System/Library/Frameworks/CoreGraphics.framework; sourceTree = SDKROOT; };
		02BC3F29150D0B2300BA87AD /* MUGatewayTest-Info.plist */ = {isa = PBXFileReference; lastKnownFileType = text.plist.xml; path = "MUGatewayTest-Info.plist"; sourceTree = "<group>"; };
		02BC3F2B150D0B2300BA87AD /* en */ = {isa = PBXFileReference; lastKnownFileType = text.plist.strings; name = en; path = en.lproj/InfoPlist.strings; sourceTree = "<group>"; };
		02BC3F2D150D0B2300BA87AD /* main.m */ = {isa = PBXFileReference; lastKnownFileType = sourcecode.c.objc; path = main.m; sourceTree = "<group>"; };
		02BC3F2F150D0B2300BA87AD /* MUGatewayTest-Prefix.pch */ = {isa = PBXFileReference; lastKnownFileType = sourcecode.c.h; path = "MUGatewayTest-Prefix.pch"; sourceTree = "<group>"; };
		02BC3F30150D0B2300BA87AD /* MUAppDelegate.h */ = {isa = PBXFileReference; lastKnownFileType = sourcecode.c.h; path = MUAppDelegate.h; sourceTree = "<group>"; };
		02BC3F31150D0B2300BA87AD /* MUAppDelegate.m */ = {isa = PBXFileReference; lastKnownFileType = sourcecode.c.objc; path = MUAppDelegate.m; sourceTree = "<group>"; };
		02BC3F33150D0B2300BA87AD /* MUViewController.h */ = {isa = PBXFileReference; lastKnownFileType = sourcecode.c.h; path = MUViewController.h; sourceTree = "<group>"; };
		02BC3F34150D0B2300BA87AD /* MUViewController.m */ = {isa = PBXFileReference; lastKnownFileType = sourcecode.c.objc; path = MUViewController.m; sourceTree = "<group>"; };
		02BC3F37150D0B2300BA87AD /* en */ = {isa = PBXFileReference; lastKnownFileType = file.xib; name = en; path = en.lproj/MUViewController.xib; sourceTree = "<group>"; };
/* End PBXFileReference section */

/* Begin PBXFrameworksBuildPhase section */
		02BC3F1A150D0B2300BA87AD /* Frameworks */ = {
			isa = PBXFrameworksBuildPhase;
			buildActionMask = 2147483647;
			files = (
				02BC3F22150D0B2300BA87AD /* UIKit.framework in Frameworks */,
				02BC3F24150D0B2300BA87AD /* Foundation.framework in Frameworks */,
				02BC3F26150D0B2300BA87AD /* CoreGraphics.framework in Frameworks */,
			);
			runOnlyForDeploymentPostprocessing = 0;
		};
/* End PBXFrameworksBuildPhase section */

/* Begin PBXGroup section */
		02209C16150D0C42006FEF69 /* MUGateway */ = {
			isa = PBXGroup;
			children = (
				02209C17150D0C42006FEF69 /* MUGateway.h */,
				02209C18150D0C42006FEF69 /* MUGateway.m */,
			);
			path = MUGateway;
			sourceTree = "<group>";
		};
		02BC3F12150D0B2300BA87AD = {
			isa = PBXGroup;
			children = (
				02209C16150D0C42006FEF69 /* MUGateway */,
				02BC3F27150D0B2300BA87AD /* MUGatewayTest */,
				02BC3F20150D0B2300BA87AD /* Frameworks */,
				02BC3F1E150D0B2300BA87AD /* Products */,
			);
			sourceTree = "<group>";
		};
		02BC3F1E150D0B2300BA87AD /* Products */ = {
			isa = PBXGroup;
			children = (
				02BC3F1D150D0B2300BA87AD /* MUGatewayTest.app */,
			);
			name = Products;
			sourceTree = "<group>";
		};
		02BC3F20150D0B2300BA87AD /* Frameworks */ = {
			isa = PBXGroup;
			children = (
				02BC3F21150D0B2300BA87AD /* UIKit.framework */,
				02BC3F23150D0B2300BA87AD /* Foundation.framework */,
				02BC3F25150D0B2300BA87AD /* CoreGraphics.framework */,
			);
			name = Frameworks;
			sourceTree = "<group>";
		};
		02BC3F27150D0B2300BA87AD /* MUGatewayTest */ = {
			isa = PBXGroup;
			children = (
				02BC3F30150D0B2300BA87AD /* MUAppDelegate.h */,
				02BC3F31150D0B2300BA87AD /* MUAppDelegate.m */,
				02BC3F33150D0B2300BA87AD /* MUViewController.h */,
				02BC3F34150D0B2300BA87AD /* MUViewController.m */,
				02BC3F36150D0B2300BA87AD /* MUViewController.xib */,
				02BC3F28150D0B2300BA87AD /* Supporting Files */,
			);
			path = MUGatewayTest;
			sourceTree = "<group>";
		};
		02BC3F28150D0B2300BA87AD /* Supporting Files */ = {
			isa = PBXGroup;
			children = (
				02BC3F29150D0B2300BA87AD /* MUGatewayTest-Info.plist */,
				02BC3F2A150D0B2300BA87AD /* InfoPlist.strings */,
				02BC3F2D150D0B2300BA87AD /* main.m */,
				02BC3F2F150D0B2300BA87AD /* MUGatewayTest-Prefix.pch */,
			);
			name = "Supporting Files";
			sourceTree = "<group>";
		};
/* End PBXGroup section */

/* Begin PBXNativeTarget section */
		02BC3F1C150D0B2300BA87AD /* MUGatewayTest */ = {
			isa = PBXNativeTarget;
			buildConfigurationList = 02BC3F3B150D0B2300BA87AD /* Build configuration list for PBXNativeTarget "MUGatewayTest" */;
			buildPhases = (
				02BC3F19150D0B2300BA87AD /* Sources */,
				02BC3F1A150D0B2300BA87AD /* Frameworks */,
				02BC3F1B150D0B2300BA87AD /* Resources */,
			);
			buildRules = (
			);
			dependencies = (
			);
			name = MUGatewayTest;
			productName = MUGatewayTest;
			productReference = 02BC3F1D150D0B2300BA87AD /* MUGatewayTest.app */;
			productType = "com.apple.product-type.application";
		};
/* End PBXNativeTarget section */

/* Begin PBXProject section */
		02BC3F14150D0B2300BA87AD /* Project object */ = {
			isa = PBXProject;
			attributes = {
				CLASSPREFIX = MU;
				LastUpgradeCheck = 0430;
			};
			buildConfigurationList = 02BC3F17150D0B2300BA87AD /* Build configuration list for PBXProject "MUGatewayTest" */;
			compatibilityVersion = "Xcode 3.2";
			developmentRegion = English;
			hasScannedForEncodings = 0;
			knownRegions = (
				en,
			);
			mainGroup = 02BC3F12150D0B2300BA87AD;
			productRefGroup = 02BC3F1E150D0B2300BA87AD /* Products */;
			projectDirPath = "";
			projectRoot = "";
			targets = (
				02BC3F1C150D0B2300BA87AD /* MUGatewayTest */,
			);
		};
/* End PBXProject section */

/* Begin PBXResourcesBuildPhase section */
		02BC3F1B150D0B2300BA87AD /* Resources */ = {
			isa = PBXResourcesBuildPhase;
			buildActionMask = 2147483647;
			files = (
				02BC3F2C150D0B2300BA87AD /* InfoPlist.strings in Resources */,
				02BC3F38150D0B2300BA87AD /* MUViewController.xib in Resources */,
			);
			runOnlyForDeploymentPostprocessing = 0;
		};
/* End PBXResourcesBuildPhase section */

/* Begin PBXSourcesBuildPhase section */
		02BC3F19150D0B2300BA87AD /* Sources */ = {
			isa = PBXSourcesBuildPhase;
			buildActionMask = 2147483647;
			files = (
				02BC3F2E150D0B2300BA87AD /* main.m in Sources */,
				02BC3F32150D0B2300BA87AD /* MUAppDelegate.m in Sources */,
				02BC3F35150D0B2300BA87AD /* MUViewController.m in Sources */,
				02209C19150D0C42006FEF69 /* MUGateway.m in Sources */,
			);
			runOnlyForDeploymentPostprocessing = 0;
		};
/* End PBXSourcesBuildPhase section */

/* Begin PBXVariantGroup section */
		02BC3F2A150D0B2300BA87AD /* InfoPlist.strings */ = {
			isa = PBXVariantGroup;
			children = (
				02BC3F2B150D0B2300BA87AD /* en */,
			);
			name = InfoPlist.strings;
			sourceTree = "<group>";
		};
		02BC3F36150D0B2300BA87AD /* MUViewController.xib */ = {
			isa = PBXVariantGroup;
			children = (
				02BC3F37150D0B2300BA87AD /* en */,
			);
			name = MUViewController.xib;
			sourceTree = "<group>";
		};
/* End PBXVariantGroup section */

/* Begin XCBuildConfiguration section */
		02BC3F39150D0B2300BA87AD /* Debug */ = {
			isa = XCBuildConfiguration;
			buildSettings = {
				ALWAYS_SEARCH_USER_PATHS = NO;
				ARCHS = "$(ARCHS_STANDARD_32_BIT)";
				"CODE_SIGN_IDENTITY[sdk=iphoneos*]" = "iPhone Developer";
				COPY_PHASE_STRIP = NO;
				GCC_C_LANGUAGE_STANDARD = gnu99;
				GCC_DYNAMIC_NO_PIC = NO;
				GCC_OPTIMIZATION_LEVEL = 0;
				GCC_PREPROCESSOR_DEFINITIONS = (
					"DEBUG=1",
					"$(inherited)",
				);
				GCC_SYMBOLS_PRIVATE_EXTERN = NO;
				GCC_VERSION = com.apple.compilers.llvm.clang.1_0;
				GCC_WARN_ABOUT_RETURN_TYPE = YES;
				GCC_WARN_UNINITIALIZED_AUTOS = YES;
				GCC_WARN_UNUSED_VARIABLE = YES;
				IPHONEOS_DEPLOYMENT_TARGET = 5.0;
				SDKROOT = iphoneos;
			};
			name = Debug;
		};
		02BC3F3A150D0B2300BA87AD /* Release */ = {
			isa = XCBuildConfiguration;
			buildSettings = {
				ALWAYS_SEARCH_USER_PATHS = NO;
				ARCHS = "$(ARCHS_STANDARD_32_BIT)";
				"CODE_SIGN_IDENTITY[sdk=iphoneos*]" = "iPhone Developer";
				COPY_PHASE_STRIP = YES;
				GCC_C_LANGUAGE_STANDARD = gnu99;
				GCC_VERSION = com.apple.compilers.llvm.clang.1_0;
				GCC_WARN_ABOUT_RETURN_TYPE = YES;
				GCC_WARN_UNINITIALIZED_AUTOS = YES;
				GCC_WARN_UNUSED_VARIABLE = YES;
				IPHONEOS_DEPLOYMENT_TARGET = 5.0;
				OTHER_CFLAGS = "-DNS_BLOCK_ASSERTIONS=1";
				SDKROOT = iphoneos;
				VALIDATE_PRODUCT = YES;
			};
			name = Release;
		};
		02BC3F3C150D0B2300BA87AD /* Debug */ = {
			isa = XCBuildConfiguration;
			buildSettings = {
				GCC_PRECOMPILE_PREFIX_HEADER = YES;
				GCC_PREFIX_HEADER = "MUGatewayTest/MUGatewayTest-Prefix.pch";
				INFOPLIST_FILE = "MUGatewayTest/MUGatewayTest-Info.plist";
				PRODUCT_NAME = "$(TARGET_NAME)";
				WRAPPER_EXTENSION = app;
			};
			name = Debug;
		};
		02BC3F3D150D0B2300BA87AD /* Release */ = {
			isa = XCBuildConfiguration;
			buildSettings = {
				GCC_PRECOMPILE_PREFIX_HEADER = YES;
				GCC_PREFIX_HEADER = "MUGatewayTest/MUGatewayTest-Prefix.pch";
				INFOPLIST_FILE = "MUGatewayTest/MUGatewayTest-Info.plist";
				PRODUCT_NAME = "$(TARGET_NAME)";
				WRAPPER_EXTENSION = app;
			};
			name = Release;
		};
/* End XCBuildConfiguration section */

/* Begin XCConfigurationList section */
		02BC3F17150D0B2300BA87AD /* Build configuration list for PBXProject "MUGatewayTest" */ = {
			isa = XCConfigurationList;
			buildConfigurations = (
				02BC3F39150D0B2300BA87AD /* Debug */,
				02BC3F3A150D0B2300BA87AD /* Release */,
			);
			defaultConfigurationIsVisible = 0;
			defaultConfigurationName = Release;
		};
		02BC3F3B150D0B2300BA87AD /* Build configuration list for PBXNativeTarget "MUGatewayTest" */ = {
			isa = XCConfigurationList;
			buildConfigurations = (
				02BC3F3C150D0B2300BA87AD /* Debug */,
				02BC3F3D150D0B2300BA87AD /* Release */,
			);
			defaultConfigurationIsVisible = 0;
			defaultConfigurationName = Release;
		};
/* End XCConfigurationList section */
	};
	rootObject = 02BC3F14150D0B2300BA87AD /* Project object */;
}
